
Microsoft Visual Studio Solution File, Format Version 12.00
# Visual Studio 15
VisualStudioVersion = 15.0.28010.2046
MinimumVisualStudioVersion = 10.0.40219.1
Project("{FAE04EC0-301F-11D3-BF4B-00C04F79EFBC}") = "Book2", "Book2\Book2.csproj", "{6912E07D-DE29-42A7-B3B0-CE58271361C5}"
EndProject
Project("{FAE04EC0-301F-11D3-BF4B-00C04F79EFBC}") = "ConsoleApp1", "ConsoleApp1\ConsoleApp1.csproj", "{31A34842-D572-40D1-995B-9AA49156BA4D}"
EndProject
Project("{FAE04EC0-301F-11D3-BF4B-00C04F79EFBC}") = "ConsoleApp2", "ConsoleApp2\ConsoleApp2.csproj", "{F22A6BD9-2434-44F5-AFD8-61A94CC426D2}"
EndProject
Project("{FAE04EC0-301F-11D3-BF4B-00C04F79EFBC}") = "ConsoleApp3", "ConsoleApp3\ConsoleApp3.csproj", "{04A85286-9B81-4153-AE06-1CD100DB74C1}"
EndProject
Project("{FAE04EC0-301F-11D3-BF4B-00C04F79EFBC}") = "ConsoleApp4", "ConsoleApp4\ConsoleApp4.csproj", "{CB5112CB-966C-4EE4-B895-758D631B8702}"
EndProject
Project("{FAE04EC0-301F-11D3-BF4B-00C04F79EFBC}") = "ConsoleApp5", "ConsoleApp5\ConsoleApp5.csproj", "{7747D3B4-5D46-4A08-81F2-80003547464E}"
EndProject
Project("{FAE04EC0-301F-11D3-BF4B-00C04F79EFBC}") = "ConsoleApp6", "ConsoleApp6\ConsoleApp6.csproj", "{996D71AD-7A5F-40F4-B5E5-CBC678C50C8C}"
EndProject
Project("{FAE04EC0-301F-11D3-BF4B-00C04F79EFBC}") = "ConsoleApp7", "ConsoleApp7\ConsoleApp7.csproj", "{93FB68F0-9B53-4D1A-BE31-979686EDFD46}"
EndProject
Project("{FAE04EC0-301F-11D3-BF4B-00C04F79EFBC}") = "work", "work\work.csproj", "{62BECC35-22B9-4F9D-8B58-CF77445FA2A6}"
EndProject
Project("{FAE04EC0-301F-11D3-BF4B-00C04F79EFBC}") = "work2", "work2\work2.csproj", "{813DBB85-0313-4D0B-9D1A-43C3942C56A4}"
EndProject
Project("{FAE04EC0-301F-11D3-BF4B-00C04F79EFBC}") = "work3", "work3\work3.csproj", "{AC6108E6-9C64-43DB-BCFB-447FF72BF5DA}"
EndProject
Project("{FAE04EC0-301F-11D3-BF4B-00C04F79EFBC}") = "work4", "work4\work4.csproj", "{614E5B37-D9AE-43DF-A884-E0CBCFBA4615}"
EndProject
Project("{FAE04EC0-301F-11D3-BF4B-00C04F79EFBC}") = "ConsoleApp8", "ConsoleApp8\ConsoleApp8.csproj", "{8E51D09E-6C4F-4EE9-8687-F7782A743B34}"
EndProject
Project("{FAE04EC0-301F-11D3-BF4B-00C04F79EFBC}") = "ConsoleApp9", "ConsoleApp9\ConsoleApp9.csproj", "{E3A49103-9E52-4322-A891-B1A04BF45DE4}"
EndProject
Project("{FAE04EC0-301F-11D3-BF4B-00C04F79EFBC}") = "ConsoleApp10", "ConsoleApp10\ConsoleApp10.csproj", "{D4311B04-D4E0-4FA8-8CC4-18F4120B311D}"
EndProject
Project("{FAE04EC0-301F-11D3-BF4B-00C04F79EFBC}") = "ConsoleApp11", "ConsoleApp11\ConsoleApp11.csproj", "{7703FCEF-BCAF-4C6F-9812-07F62F57A2F1}"
EndProject
Project("{FAE04EC0-301F-11D3-BF4B-00C04F79EFBC}") = "ConsoleApp12", "ConsoleApp12\ConsoleApp12.csproj", "{6C2A78EB-F4C6-477E-9335-19EBA291FFCA}"
EndProject
Project("{FAE04EC0-301F-11D3-BF4B-00C04F79EFBC}") = "work5", "work5\work5.csproj", "{BB5635C2-E5CA-4E62-A4EB-B3C5998B09A5}"
EndProject
Project("{FAE04EC0-301F-11D3-BF4B-00C04F79EFBC}") = "work6", "work6\work6.csproj", "{21A87BED-8331-42AB-BFED-91F599C3002C}"
EndProject
Project("{FAE04EC0-301F-11D3-BF4B-00C04F79EFBC}") = "work7", "work7\work7.csproj", "{003FD8E5-5012-43EC-8017-21E226A04D09}"
EndProject
Project("{FAE04EC0-301F-11D3-BF4B-00C04F79EFBC}") = "work8", "work8\work8.csproj", "{95FA27A3-ECB3-4486-AE86-1613CEB84B59}"
EndProject
Project("{FAE04EC0-301F-11D3-BF4B-00C04F79EFBC}") = "work9", "work9\work9.csproj", "{0ED66907-028C-4948-B7B4-D9C4389BFFEF}"
EndProject
Project("{FAE04EC0-301F-11D3-BF4B-00C04F79EFBC}") = "work10", "work10\work10.csproj", "{D49FEE4A-D8C3-48A1-B7D2-D624A5EFBBCB}"
EndProject
Global
	GlobalSection(SolutionConfigurationPlatforms) = preSolution
		Debug|Any CPU = Debug|Any CPU
		Release|Any CPU = Release|Any CPU
	EndGlobalSection
	GlobalSection(ProjectConfigurationPlatforms) = postSolution
		{6912E07D-DE29-42A7-B3B0-CE58271361C5}.Debug|Any CPU.ActiveCfg = Debug|Any CPU
		{6912E07D-DE29-42A7-B3B0-CE58271361C5}.Debug|Any CPU.Build.0 = Debug|Any CPU
		{6912E07D-DE29-42A7-B3B0-CE58271361C5}.Release|Any CPU.ActiveCfg = Release|Any CPU
		{6912E07D-DE29-42A7-B3B0-CE58271361C5}.Release|Any CPU.Build.0 = Release|Any CPU
		{31A34842-D572-40D1-995B-9AA49156BA4D}.Debug|Any CPU.ActiveCfg = Debug|Any CPU
		{31A34842-D572-40D1-995B-9AA49156BA4D}.Debug|Any CPU.Build.0 = Debug|Any CPU
		{31A34842-D572-40D1-995B-9AA49156BA4D}.Release|Any CPU.ActiveCfg = Release|Any CPU
		{31A34842-D572-40D1-995B-9AA49156BA4D}.Release|Any CPU.Build.0 = Release|Any CPU
		{F22A6BD9-2434-44F5-AFD8-61A94CC426D2}.Debug|Any CPU.ActiveCfg = Debug|Any CPU
		{F22A6BD9-2434-44F5-AFD8-61A94CC426D2}.Debug|Any CPU.Build.0 = Debug|Any CPU
		{F22A6BD9-2434-44F5-AFD8-61A94CC426D2}.Release|Any CPU.ActiveCfg = Release|Any CPU
		{F22A6BD9-2434-44F5-AFD8-61A94CC426D2}.Release|Any CPU.Build.0 = Release|Any CPU
		{04A85286-9B81-4153-AE06-1CD100DB74C1}.Debug|Any CPU.ActiveCfg = Debug|Any CPU
		{04A85286-9B81-4153-AE06-1CD100DB74C1}.Debug|Any CPU.Build.0 = Debug|Any CPU
		{04A85286-9B81-4153-AE06-1CD100DB74C1}.Release|Any CPU.ActiveCfg = Release|Any CPU
		{04A85286-9B81-4153-AE06-1CD100DB74C1}.Release|Any CPU.Build.0 = Release|Any CPU
		{CB5112CB-966C-4EE4-B895-758D631B8702}.Debug|Any CPU.ActiveCfg = Debug|Any CPU
		{CB5112CB-966C-4EE4-B895-758D631B8702}.Debug|Any CPU.Build.0 = Debug|Any CPU
		{CB5112CB-966C-4EE4-B895-758D631B8702}.Release|Any CPU.ActiveCfg = Release|Any CPU
		{CB5112CB-966C-4EE4-B895-758D631B8702}.Release|Any CPU.Build.0 = Release|Any CPU
		{7747D3B4-5D46-4A08-81F2-80003547464E}.Debug|Any CPU.ActiveCfg = Debug|Any CPU
		{7747D3B4-5D46-4A08-81F2-80003547464E}.Debug|Any CPU.Build.0 = Debug|Any CPU
		{7747D3B4-5D46-4A08-81F2-80003547464E}.Release|Any CPU.ActiveCfg = Release|Any CPU
		{7747D3B4-5D46-4A08-81F2-80003547464E}.Release|Any CPU.Build.0 = Release|Any CPU
		{996D71AD-7A5F-40F4-B5E5-CBC678C50C8C}.Debug|Any CPU.ActiveCfg = Debug|Any CPU
		{996D71AD-7A5F-40F4-B5E5-CBC678C50C8C}.Debug|Any CPU.Build.0 = Debug|Any CPU
		{996D71AD-7A5F-40F4-B5E5-CBC678C50C8C}.Release|Any CPU.ActiveCfg = Release|Any CPU
		{996D71AD-7A5F-40F4-B5E5-CBC678C50C8C}.Release|Any CPU.Build.0 = Release|Any CPU
		{93FB68F0-9B53-4D1A-BE31-979686EDFD46}.Debug|Any CPU.ActiveCfg = Debug|Any CPU
		{93FB68F0-9B53-4D1A-BE31-979686EDFD46}.Debug|Any CPU.Build.0 = Debug|Any CPU
		{93FB68F0-9B53-4D1A-BE31-979686EDFD46}.Release|Any CPU.ActiveCfg = Release|Any CPU
		{93FB68F0-9B53-4D1A-BE31-979686EDFD46}.Release|Any CPU.Build.0 = Release|Any CPU
		{62BECC35-22B9-4F9D-8B58-CF77445FA2A6}.Debug|Any CPU.ActiveCfg = Debug|Any CPU
		{62BECC35-22B9-4F9D-8B58-CF77445FA2A6}.Debug|Any CPU.Build.0 = Debug|Any CPU
		{62BECC35-22B9-4F9D-8B58-CF77445FA2A6}.Release|Any CPU.ActiveCfg = Release|Any CPU
		{62BECC35-22B9-4F9D-8B58-CF77445FA2A6}.Release|Any CPU.Build.0 = Release|Any CPU
		{813DBB85-0313-4D0B-9D1A-43C3942C56A4}.Debug|Any CPU.ActiveCfg = Debug|Any CPU
		{813DBB85-0313-4D0B-9D1A-43C3942C56A4}.Debug|Any CPU.Build.0 = Debug|Any CPU
		{813DBB85-0313-4D0B-9D1A-43C3942C56A4}.Release|Any CPU.ActiveCfg = Release|Any CPU
		{813DBB85-0313-4D0B-9D1A-43C3942C56A4}.Release|Any CPU.Build.0 = Release|Any CPU
		{AC6108E6-9C64-43DB-BCFB-447FF72BF5DA}.Debug|Any CPU.ActiveCfg = Debug|Any CPU
		{AC6108E6-9C64-43DB-BCFB-447FF72BF5DA}.Debug|Any CPU.Build.0 = Debug|Any CPU
		{AC6108E6-9C64-43DB-BCFB-447FF72BF5DA}.Release|Any CPU.ActiveCfg = Release|Any CPU
		{AC6108E6-9C64-43DB-BCFB-447FF72BF5DA}.Release|Any CPU.Build.0 = Release|Any CPU
		{614E5B37-D9AE-43DF-A884-E0CBCFBA4615}.Debug|Any CPU.ActiveCfg = Debug|Any CPU
		{614E5B37-D9AE-43DF-A884-E0CBCFBA4615}.Debug|Any CPU.Build.0 = Debug|Any CPU
		{614E5B37-D9AE-43DF-A884-E0CBCFBA4615}.Release|Any CPU.ActiveCfg = Release|Any CPU
		{614E5B37-D9AE-43DF-A884-E0CBCFBA4615}.Release|Any CPU.Build.0 = Release|Any CPU
		{8E51D09E-6C4F-4EE9-8687-F7782A743B34}.Debug|Any CPU.ActiveCfg = Debug|Any CPU
		{8E51D09E-6C4F-4EE9-8687-F7782A743B34}.Debug|Any CPU.Build.0 = Debug|Any CPU
		{8E51D09E-6C4F-4EE9-8687-F7782A743B34}.Release|Any CPU.ActiveCfg = Release|Any CPU
		{8E51D09E-6C4F-4EE9-8687-F7782A743B34}.Release|Any CPU.Build.0 = Release|Any CPU
		{E3A49103-9E52-4322-A891-B1A04BF45DE4}.Debug|Any CPU.ActiveCfg = Debug|Any CPU
		{E3A49103-9E52-4322-A891-B1A04BF45DE4}.Debug|Any CPU.Build.0 = Debug|Any CPU
		{E3A49103-9E52-4322-A891-B1A04BF45DE4}.Release|Any CPU.ActiveCfg = Release|Any CPU
		{E3A49103-9E52-4322-A891-B1A04BF45DE4}.Release|Any CPU.Build.0 = Release|Any CPU
		{D4311B04-D4E0-4FA8-8CC4-18F4120B311D}.Debug|Any CPU.ActiveCfg = Debug|Any CPU
		{D4311B04-D4E0-4FA8-8CC4-18F4120B311D}.Debug|Any CPU.Build.0 = Debug|Any CPU
		{D4311B04-D4E0-4FA8-8CC4-18F4120B311D}.Release|Any CPU.ActiveCfg = Release|Any CPU
		{D4311B04-D4E0-4FA8-8CC4-18F4120B311D}.Release|Any CPU.Build.0 = Release|Any CPU
		{7703FCEF-BCAF-4C6F-9812-07F62F57A2F1}.Debug|Any CPU.ActiveCfg = Debug|Any CPU
		{7703FCEF-BCAF-4C6F-9812-07F62F57A2F1}.Debug|Any CPU.Build.0 = Debug|Any CPU
		{7703FCEF-BCAF-4C6F-9812-07F62F57A2F1}.Release|Any CPU.ActiveCfg = Release|Any CPU
		{7703FCEF-BCAF-4C6F-9812-07F62F57A2F1}.Release|Any CPU.Build.0 = Release|Any CPU
		{6C2A78EB-F4C6-477E-9335-19EBA291FFCA}.Debug|Any CPU.ActiveCfg = Debug|Any CPU
		{6C2A78EB-F4C6-477E-9335-19EBA291FFCA}.Debug|Any CPU.Build.0 = Debug|Any CPU
		{6C2A78EB-F4C6-477E-9335-19EBA291FFCA}.Release|Any CPU.ActiveCfg = Release|Any CPU
		{6C2A78EB-F4C6-477E-9335-19EBA291FFCA}.Release|Any CPU.Build.0 = Release|Any CPU
		{BB5635C2-E5CA-4E62-A4EB-B3C5998B09A5}.Debug|Any CPU.ActiveCfg = Debug|Any CPU
		{BB5635C2-E5CA-4E62-A4EB-B3C5998B09A5}.Debug|Any CPU.Build.0 = Debug|Any CPU
		{BB5635C2-E5CA-4E62-A4EB-B3C5998B09A5}.Release|Any CPU.ActiveCfg = Release|Any CPU
		{BB5635C2-E5CA-4E62-A4EB-B3C5998B09A5}.Release|Any CPU.Build.0 = Release|Any CPU
		{21A87BED-8331-42AB-BFED-91F599C3002C}.Debug|Any CPU.ActiveCfg = Debug|Any CPU
		{21A87BED-8331-42AB-BFED-91F599C3002C}.Debug|Any CPU.Build.0 = Debug|Any CPU
		{21A87BED-8331-42AB-BFED-91F599C3002C}.Release|Any CPU.ActiveCfg = Release|Any CPU
		{21A87BED-8331-42AB-BFED-91F599C3002C}.Release|Any CPU.Build.0 = Release|Any CPU
		{003FD8E5-5012-43EC-8017-21E226A04D09}.Debug|Any CPU.ActiveCfg = Debug|Any CPU
		{003FD8E5-5012-43EC-8017-21E226A04D09}.Debug|Any CPU.Build.0 = Debug|Any CPU
		{003FD8E5-5012-43EC-8017-21E226A04D09}.Release|Any CPU.ActiveCfg = Release|Any CPU
		{003FD8E5-5012-43EC-8017-21E226A04D09}.Release|Any CPU.Build.0 = Release|Any CPU
		{95FA27A3-ECB3-4486-AE86-1613CEB84B59}.Debug|Any CPU.ActiveCfg = Debug|Any CPU
		{95FA27A3-ECB3-4486-AE86-1613CEB84B59}.Debug|Any CPU.Build.0 = Debug|Any CPU
		{95FA27A3-ECB3-4486-AE86-1613CEB84B59}.Release|Any CPU.ActiveCfg = Release|Any CPU
		{95FA27A3-ECB3-4486-AE86-1613CEB84B59}.Release|Any CPU.Build.0 = Release|Any CPU
		{0ED66907-028C-4948-B7B4-D9C4389BFFEF}.Debug|Any CPU.ActiveCfg = Debug|Any CPU
		{0ED66907-028C-4948-B7B4-D9C4389BFFEF}.Debug|Any CPU.Build.0 = Debug|Any CPU
		{0ED66907-028C-4948-B7B4-D9C4389BFFEF}.Release|Any CPU.ActiveCfg = Release|Any CPU
		{0ED66907-028C-4948-B7B4-D9C4389BFFEF}.Release|Any CPU.Build.0 = Release|Any CPU
		{D49FEE4A-D8C3-48A1-B7D2-D624A5EFBBCB}.Debug|Any CPU.ActiveCfg = Debug|Any CPU
		{D49FEE4A-D8C3-48A1-B7D2-D624A5EFBBCB}.Debug|Any CPU.Build.0 = Debug|Any CPU
		{D49FEE4A-D8C3-48A1-B7D2-D624A5EFBBCB}.Release|Any CPU.ActiveCfg = Release|Any CPU
		{D49FEE4A-D8C3-48A1-B7D2-D624A5EFBBCB}.Release|Any CPU.Build.0 = Release|Any CPU
	EndGlobalSection
	GlobalSection(SolutionProperties) = preSolution
		HideSolutionNode = FALSE
	EndGlobalSection
	GlobalSection(ExtensibilityGlobals) = postSolution
		SolutionGuid = {78DE4C02-5FB6-4FB0-8C47-A2CB3650E8B2}
	EndGlobalSection
EndGlobal
