
Microsoft Visual Studio Solution File, Format Version 12.00
# Visual Studio 15
VisualStudioVersion = 15.0.28010.2046
MinimumVisualStudioVersion = 10.0.40219.1
Project("{FAE04EC0-301F-11D3-BF4B-00C04F79EFBC}") = "Shapes", "Shapes\Shapes.csproj", "{1D97A8FB-A23F-4EA9-9036-97822F1FC81D}"
EndProject
Global
	GlobalSection(SolutionConfigurationPlatforms) = preSolution
		Debug|Any CPU = Debug|Any CPU
		Release|Any CPU = Release|Any CPU
	EndGlobalSection
	GlobalSection(ProjectConfigurationPlatforms) = postSolution
		{1D97A8FB-A23F-4EA9-9036-97822F1FC81D}.Debug|Any CPU.ActiveCfg = Debug|Any CPU
		{1D97A8FB-A23F-4EA9-9036-97822F1FC81D}.Debug|Any CPU.Build.0 = Debug|Any CPU
		{1D97A8FB-A23F-4EA9-9036-97822F1FC81D}.Release|Any CPU.ActiveCfg = Release|Any CPU
		{1D97A8FB-A23F-4EA9-9036-97822F1FC81D}.Release|Any CPU.Build.0 = Release|Any CPU
	EndGlobalSection
	GlobalSection(SolutionProperties) = preSolution
		HideSolutionNode = FALSE
	EndGlobalSection
	GlobalSection(ExtensibilityGlobals) = postSolution
		SolutionGuid = {C2BF75AC-EFA9-41C7-A231-5888A917F068}
	EndGlobalSection
EndGlobal
