
Microsoft Visual Studio Solution File, Format Version 12.00
# Visual Studio 15
VisualStudioVersion = 15.0.28010.2046
MinimumVisualStudioVersion = 10.0.40219.1
Project("{FAE04EC0-301F-11D3-BF4B-00C04F79EFBC}") = "Book3", "Book3\Book3.csproj", "{7DDC3D6A-3F45-483E-A244-DCFC10B8B4E2}"
EndProject
Project("{FAE04EC0-301F-11D3-BF4B-00C04F79EFBC}") = "ConsoleApp1", "ConsoleApp1\ConsoleApp1.csproj", "{B914419D-F398-46A8-A3F5-4B7AFCC455EC}"
EndProject
Project("{FAE04EC0-301F-11D3-BF4B-00C04F79EFBC}") = "ConsoleApp2", "ConsoleApp2\ConsoleApp2.csproj", "{5A7B98F7-9C8A-4016-A0EA-74E4C6393FCC}"
EndProject
Project("{FAE04EC0-301F-11D3-BF4B-00C04F79EFBC}") = "ConsoleApp3", "ConsoleApp3\ConsoleApp3.csproj", "{51ED9659-BED4-4ECB-AC37-928C7DAAADFC}"
EndProject
Project("{FAE04EC0-301F-11D3-BF4B-00C04F79EFBC}") = "ConsoleApp4", "ConsoleApp4\ConsoleApp4.csproj", "{B953C4EA-CA66-4021-A212-FFE07F4F8CB5}"
EndProject
Project("{FAE04EC0-301F-11D3-BF4B-00C04F79EFBC}") = "ConsoleApp5", "ConsoleApp5\ConsoleApp5.csproj", "{934F507F-DD58-4600-B1BB-DD7537542290}"
EndProject
Project("{FAE04EC0-301F-11D3-BF4B-00C04F79EFBC}") = "ConsoleApp6", "ConsoleApp6\ConsoleApp6.csproj", "{C05AE3BB-5DA5-4CCC-BC9A-2F4A1E0E737D}"
EndProject
Project("{FAE04EC0-301F-11D3-BF4B-00C04F79EFBC}") = "ConsoleApp7", "ConsoleApp7\ConsoleApp7.csproj", "{B529DFD9-FECA-4F7E-B713-EA6B28B6BA40}"
EndProject
Project("{FAE04EC0-301F-11D3-BF4B-00C04F79EFBC}") = "ConsoleApp8", "ConsoleApp8\ConsoleApp8.csproj", "{84F418C6-0B30-4742-B3D4-C20A930D6A56}"
EndProject
Project("{FAE04EC0-301F-11D3-BF4B-00C04F79EFBC}") = "ConsoleApp9", "ConsoleApp9\ConsoleApp9.csproj", "{F44F7FAC-BC51-4A36-992D-EEB03158EA35}"
EndProject
Project("{FAE04EC0-301F-11D3-BF4B-00C04F79EFBC}") = "ConsoleApp10", "ConsoleApp10\ConsoleApp10.csproj", "{D1CAEC74-701F-4656-932F-38047F74FE85}"
EndProject
Project("{FAE04EC0-301F-11D3-BF4B-00C04F79EFBC}") = "ConsoleApp11", "ConsoleApp11\ConsoleApp11.csproj", "{5699E9ED-8B44-419C-BFC9-D37A47050F99}"
EndProject
Project("{FAE04EC0-301F-11D3-BF4B-00C04F79EFBC}") = "ConsoleApp12", "ConsoleApp12\ConsoleApp12.csproj", "{917EF3DD-3DD4-442F-976B-13911F1A1ED3}"
EndProject
Project("{FAE04EC0-301F-11D3-BF4B-00C04F79EFBC}") = "ConsoleApp13", "ConsoleApp13\ConsoleApp13.csproj", "{4A09024A-56C7-4CBE-BC9E-A0A9A2980D19}"
EndProject
Project("{FAE04EC0-301F-11D3-BF4B-00C04F79EFBC}") = "ConsoleApp14", "ConsoleApp14\ConsoleApp14.csproj", "{FF4926EE-78E6-48EE-9BBD-C0AB053E6082}"
EndProject
Project("{FAE04EC0-301F-11D3-BF4B-00C04F79EFBC}") = "ConsoleApp15", "ConsoleApp15\ConsoleApp15.csproj", "{80083506-338F-43DE-A0F2-4DD36679230B}"
EndProject
Project("{FAE04EC0-301F-11D3-BF4B-00C04F79EFBC}") = "ConsoleApp16", "ConsoleApp16\ConsoleApp16.csproj", "{D032260E-8ABD-451E-82D1-4B19FDBC6158}"
EndProject
Project("{FAE04EC0-301F-11D3-BF4B-00C04F79EFBC}") = "ConsoleApp17", "ConsoleApp17\ConsoleApp17.csproj", "{85821C22-7E68-40A0-ADBD-7F37E6370D05}"
EndProject
Project("{FAE04EC0-301F-11D3-BF4B-00C04F79EFBC}") = "ConsoleApp18", "ConsoleApp18\ConsoleApp18.csproj", "{099FB142-88E1-460C-9AA9-313F5E2375B7}"
EndProject
Project("{FAE04EC0-301F-11D3-BF4B-00C04F79EFBC}") = "ConsoleApp19", "ConsoleApp19\ConsoleApp19.csproj", "{F623D601-C33D-4129-B582-8A079F4A270C}"
EndProject
Project("{FAE04EC0-301F-11D3-BF4B-00C04F79EFBC}") = "work", "work\work.csproj", "{687D2AE7-C095-411F-9339-D1282A6604FF}"
EndProject
Project("{FAE04EC0-301F-11D3-BF4B-00C04F79EFBC}") = "work2", "work2\work2.csproj", "{5B78B4D6-E60F-473C-A299-F6A27CBE9DE1}"
EndProject
Project("{FAE04EC0-301F-11D3-BF4B-00C04F79EFBC}") = "work3", "work3\work3.csproj", "{5C55CEA9-9F90-4E8F-97CF-5D9D2D673FCD}"
EndProject
Project("{FAE04EC0-301F-11D3-BF4B-00C04F79EFBC}") = "work4", "work4\work4.csproj", "{B91C65F9-5E70-4517-8F8B-08829239FB98}"
EndProject
Project("{FAE04EC0-301F-11D3-BF4B-00C04F79EFBC}") = "work5", "work5\work5.csproj", "{964950DC-C430-4820-A7B7-D700282DE195}"
EndProject
Project("{FAE04EC0-301F-11D3-BF4B-00C04F79EFBC}") = "work6", "work6\work6.csproj", "{282CD28C-E4EC-4DAA-9FE1-B80FE3C55E09}"
EndProject
Project("{FAE04EC0-301F-11D3-BF4B-00C04F79EFBC}") = "work8", "work8\work8.csproj", "{397AE7AE-379D-4D03-9070-0A7D39C354D3}"
EndProject
Project("{FAE04EC0-301F-11D3-BF4B-00C04F79EFBC}") = "work9", "work9\work9.csproj", "{81F8CC62-F08C-42AC-8E5F-282A3CC9412B}"
EndProject
Project("{FAE04EC0-301F-11D3-BF4B-00C04F79EFBC}") = "work7", "work7\work7.csproj", "{B98F249D-31E8-4D9B-B534-AAECFB892108}"
EndProject
Project("{FAE04EC0-301F-11D3-BF4B-00C04F79EFBC}") = "work10", "work10\work10.csproj", "{947A93FC-4349-487A-8980-1BA1C863BA3D}"
EndProject
Project("{FAE04EC0-301F-11D3-BF4B-00C04F79EFBC}") = "work11", "work11\work11.csproj", "{3E948DD8-36E6-4A1E-82AF-F624E3BFC3DE}"
EndProject
Project("{FAE04EC0-301F-11D3-BF4B-00C04F79EFBC}") = "work12", "work12\work12.csproj", "{80F17A4A-DB41-4EE9-92C8-D2A706D26A13}"
EndProject
Project("{FAE04EC0-301F-11D3-BF4B-00C04F79EFBC}") = "work13", "work13\work13.csproj", "{5FE21EDE-6F98-4E54-82BC-7CE7557353A2}"
EndProject
Project("{FAE04EC0-301F-11D3-BF4B-00C04F79EFBC}") = "work14", "work14\work14.csproj", "{4DCDFBFA-45CE-415E-BEC8-939DB9E84A16}"
EndProject
Project("{FAE04EC0-301F-11D3-BF4B-00C04F79EFBC}") = "work15", "work15\work15.csproj", "{17B418FF-2B5D-47E4-B467-2BEEB26B9670}"
EndProject
Project("{FAE04EC0-301F-11D3-BF4B-00C04F79EFBC}") = "work16", "work16\work16.csproj", "{9AA6D079-D6F5-401C-B14E-388A4FFA31EC}"
EndProject
Global
	GlobalSection(SolutionConfigurationPlatforms) = preSolution
		Debug|Any CPU = Debug|Any CPU
		Release|Any CPU = Release|Any CPU
	EndGlobalSection
	GlobalSection(ProjectConfigurationPlatforms) = postSolution
		{7DDC3D6A-3F45-483E-A244-DCFC10B8B4E2}.Debug|Any CPU.ActiveCfg = Debug|Any CPU
		{7DDC3D6A-3F45-483E-A244-DCFC10B8B4E2}.Debug|Any CPU.Build.0 = Debug|Any CPU
		{7DDC3D6A-3F45-483E-A244-DCFC10B8B4E2}.Release|Any CPU.ActiveCfg = Release|Any CPU
		{7DDC3D6A-3F45-483E-A244-DCFC10B8B4E2}.Release|Any CPU.Build.0 = Release|Any CPU
		{B914419D-F398-46A8-A3F5-4B7AFCC455EC}.Debug|Any CPU.ActiveCfg = Debug|Any CPU
		{B914419D-F398-46A8-A3F5-4B7AFCC455EC}.Debug|Any CPU.Build.0 = Debug|Any CPU
		{B914419D-F398-46A8-A3F5-4B7AFCC455EC}.Release|Any CPU.ActiveCfg = Release|Any CPU
		{B914419D-F398-46A8-A3F5-4B7AFCC455EC}.Release|Any CPU.Build.0 = Release|Any CPU
		{5A7B98F7-9C8A-4016-A0EA-74E4C6393FCC}.Debug|Any CPU.ActiveCfg = Debug|Any CPU
		{5A7B98F7-9C8A-4016-A0EA-74E4C6393FCC}.Debug|Any CPU.Build.0 = Debug|Any CPU
		{5A7B98F7-9C8A-4016-A0EA-74E4C6393FCC}.Release|Any CPU.ActiveCfg = Release|Any CPU
		{5A7B98F7-9C8A-4016-A0EA-74E4C6393FCC}.Release|Any CPU.Build.0 = Release|Any CPU
		{51ED9659-BED4-4ECB-AC37-928C7DAAADFC}.Debug|Any CPU.ActiveCfg = Debug|Any CPU
		{51ED9659-BED4-4ECB-AC37-928C7DAAADFC}.Debug|Any CPU.Build.0 = Debug|Any CPU
		{51ED9659-BED4-4ECB-AC37-928C7DAAADFC}.Release|Any CPU.ActiveCfg = Release|Any CPU
		{51ED9659-BED4-4ECB-AC37-928C7DAAADFC}.Release|Any CPU.Build.0 = Release|Any CPU
		{B953C4EA-CA66-4021-A212-FFE07F4F8CB5}.Debug|Any CPU.ActiveCfg = Debug|Any CPU
		{B953C4EA-CA66-4021-A212-FFE07F4F8CB5}.Debug|Any CPU.Build.0 = Debug|Any CPU
		{B953C4EA-CA66-4021-A212-FFE07F4F8CB5}.Release|Any CPU.ActiveCfg = Release|Any CPU
		{B953C4EA-CA66-4021-A212-FFE07F4F8CB5}.Release|Any CPU.Build.0 = Release|Any CPU
		{934F507F-DD58-4600-B1BB-DD7537542290}.Debug|Any CPU.ActiveCfg = Debug|Any CPU
		{934F507F-DD58-4600-B1BB-DD7537542290}.Debug|Any CPU.Build.0 = Debug|Any CPU
		{934F507F-DD58-4600-B1BB-DD7537542290}.Release|Any CPU.ActiveCfg = Release|Any CPU
		{934F507F-DD58-4600-B1BB-DD7537542290}.Release|Any CPU.Build.0 = Release|Any CPU
		{C05AE3BB-5DA5-4CCC-BC9A-2F4A1E0E737D}.Debug|Any CPU.ActiveCfg = Debug|Any CPU
		{C05AE3BB-5DA5-4CCC-BC9A-2F4A1E0E737D}.Debug|Any CPU.Build.0 = Debug|Any CPU
		{C05AE3BB-5DA5-4CCC-BC9A-2F4A1E0E737D}.Release|Any CPU.ActiveCfg = Release|Any CPU
		{C05AE3BB-5DA5-4CCC-BC9A-2F4A1E0E737D}.Release|Any CPU.Build.0 = Release|Any CPU
		{B529DFD9-FECA-4F7E-B713-EA6B28B6BA40}.Debug|Any CPU.ActiveCfg = Debug|Any CPU
		{B529DFD9-FECA-4F7E-B713-EA6B28B6BA40}.Debug|Any CPU.Build.0 = Debug|Any CPU
		{B529DFD9-FECA-4F7E-B713-EA6B28B6BA40}.Release|Any CPU.ActiveCfg = Release|Any CPU
		{B529DFD9-FECA-4F7E-B713-EA6B28B6BA40}.Release|Any CPU.Build.0 = Release|Any CPU
		{84F418C6-0B30-4742-B3D4-C20A930D6A56}.Debug|Any CPU.ActiveCfg = Debug|Any CPU
		{84F418C6-0B30-4742-B3D4-C20A930D6A56}.Debug|Any CPU.Build.0 = Debug|Any CPU
		{84F418C6-0B30-4742-B3D4-C20A930D6A56}.Release|Any CPU.ActiveCfg = Release|Any CPU
		{84F418C6-0B30-4742-B3D4-C20A930D6A56}.Release|Any CPU.Build.0 = Release|Any CPU
		{F44F7FAC-BC51-4A36-992D-EEB03158EA35}.Debug|Any CPU.ActiveCfg = Debug|Any CPU
		{F44F7FAC-BC51-4A36-992D-EEB03158EA35}.Debug|Any CPU.Build.0 = Debug|Any CPU
		{F44F7FAC-BC51-4A36-992D-EEB03158EA35}.Release|Any CPU.ActiveCfg = Release|Any CPU
		{F44F7FAC-BC51-4A36-992D-EEB03158EA35}.Release|Any CPU.Build.0 = Release|Any CPU
		{D1CAEC74-701F-4656-932F-38047F74FE85}.Debug|Any CPU.ActiveCfg = Debug|Any CPU
		{D1CAEC74-701F-4656-932F-38047F74FE85}.Debug|Any CPU.Build.0 = Debug|Any CPU
		{D1CAEC74-701F-4656-932F-38047F74FE85}.Release|Any CPU.ActiveCfg = Release|Any CPU
		{D1CAEC74-701F-4656-932F-38047F74FE85}.Release|Any CPU.Build.0 = Release|Any CPU
		{5699E9ED-8B44-419C-BFC9-D37A47050F99}.Debug|Any CPU.ActiveCfg = Debug|Any CPU
		{5699E9ED-8B44-419C-BFC9-D37A47050F99}.Debug|Any CPU.Build.0 = Debug|Any CPU
		{5699E9ED-8B44-419C-BFC9-D37A47050F99}.Release|Any CPU.ActiveCfg = Release|Any CPU
		{5699E9ED-8B44-419C-BFC9-D37A47050F99}.Release|Any CPU.Build.0 = Release|Any CPU
		{917EF3DD-3DD4-442F-976B-13911F1A1ED3}.Debug|Any CPU.ActiveCfg = Debug|Any CPU
		{917EF3DD-3DD4-442F-976B-13911F1A1ED3}.Debug|Any CPU.Build.0 = Debug|Any CPU
		{917EF3DD-3DD4-442F-976B-13911F1A1ED3}.Release|Any CPU.ActiveCfg = Release|Any CPU
		{917EF3DD-3DD4-442F-976B-13911F1A1ED3}.Release|Any CPU.Build.0 = Release|Any CPU
		{4A09024A-56C7-4CBE-BC9E-A0A9A2980D19}.Debug|Any CPU.ActiveCfg = Debug|Any CPU
		{4A09024A-56C7-4CBE-BC9E-A0A9A2980D19}.Debug|Any CPU.Build.0 = Debug|Any CPU
		{4A09024A-56C7-4CBE-BC9E-A0A9A2980D19}.Release|Any CPU.ActiveCfg = Release|Any CPU
		{4A09024A-56C7-4CBE-BC9E-A0A9A2980D19}.Release|Any CPU.Build.0 = Release|Any CPU
		{FF4926EE-78E6-48EE-9BBD-C0AB053E6082}.Debug|Any CPU.ActiveCfg = Debug|Any CPU
		{FF4926EE-78E6-48EE-9BBD-C0AB053E6082}.Debug|Any CPU.Build.0 = Debug|Any CPU
		{FF4926EE-78E6-48EE-9BBD-C0AB053E6082}.Release|Any CPU.ActiveCfg = Release|Any CPU
		{FF4926EE-78E6-48EE-9BBD-C0AB053E6082}.Release|Any CPU.Build.0 = Release|Any CPU
		{80083506-338F-43DE-A0F2-4DD36679230B}.Debug|Any CPU.ActiveCfg = Debug|Any CPU
		{80083506-338F-43DE-A0F2-4DD36679230B}.Debug|Any CPU.Build.0 = Debug|Any CPU
		{80083506-338F-43DE-A0F2-4DD36679230B}.Release|Any CPU.ActiveCfg = Release|Any CPU
		{80083506-338F-43DE-A0F2-4DD36679230B}.Release|Any CPU.Build.0 = Release|Any CPU
		{D032260E-8ABD-451E-82D1-4B19FDBC6158}.Debug|Any CPU.ActiveCfg = Debug|Any CPU
		{D032260E-8ABD-451E-82D1-4B19FDBC6158}.Debug|Any CPU.Build.0 = Debug|Any CPU
		{D032260E-8ABD-451E-82D1-4B19FDBC6158}.Release|Any CPU.ActiveCfg = Release|Any CPU
		{D032260E-8ABD-451E-82D1-4B19FDBC6158}.Release|Any CPU.Build.0 = Release|Any CPU
		{85821C22-7E68-40A0-ADBD-7F37E6370D05}.Debug|Any CPU.ActiveCfg = Debug|Any CPU
		{85821C22-7E68-40A0-ADBD-7F37E6370D05}.Debug|Any CPU.Build.0 = Debug|Any CPU
		{85821C22-7E68-40A0-ADBD-7F37E6370D05}.Release|Any CPU.ActiveCfg = Release|Any CPU
		{85821C22-7E68-40A0-ADBD-7F37E6370D05}.Release|Any CPU.Build.0 = Release|Any CPU
		{099FB142-88E1-460C-9AA9-313F5E2375B7}.Debug|Any CPU.ActiveCfg = Debug|Any CPU
		{099FB142-88E1-460C-9AA9-313F5E2375B7}.Debug|Any CPU.Build.0 = Debug|Any CPU
		{099FB142-88E1-460C-9AA9-313F5E2375B7}.Release|Any CPU.ActiveCfg = Release|Any CPU
		{099FB142-88E1-460C-9AA9-313F5E2375B7}.Release|Any CPU.Build.0 = Release|Any CPU
		{F623D601-C33D-4129-B582-8A079F4A270C}.Debug|Any CPU.ActiveCfg = Debug|Any CPU
		{F623D601-C33D-4129-B582-8A079F4A270C}.Debug|Any CPU.Build.0 = Debug|Any CPU
		{F623D601-C33D-4129-B582-8A079F4A270C}.Release|Any CPU.ActiveCfg = Release|Any CPU
		{F623D601-C33D-4129-B582-8A079F4A270C}.Release|Any CPU.Build.0 = Release|Any CPU
		{687D2AE7-C095-411F-9339-D1282A6604FF}.Debug|Any CPU.ActiveCfg = Debug|Any CPU
		{687D2AE7-C095-411F-9339-D1282A6604FF}.Debug|Any CPU.Build.0 = Debug|Any CPU
		{687D2AE7-C095-411F-9339-D1282A6604FF}.Release|Any CPU.ActiveCfg = Release|Any CPU
		{687D2AE7-C095-411F-9339-D1282A6604FF}.Release|Any CPU.Build.0 = Release|Any CPU
		{5B78B4D6-E60F-473C-A299-F6A27CBE9DE1}.Debug|Any CPU.ActiveCfg = Debug|Any CPU
		{5B78B4D6-E60F-473C-A299-F6A27CBE9DE1}.Debug|Any CPU.Build.0 = Debug|Any CPU
		{5B78B4D6-E60F-473C-A299-F6A27CBE9DE1}.Release|Any CPU.ActiveCfg = Release|Any CPU
		{5B78B4D6-E60F-473C-A299-F6A27CBE9DE1}.Release|Any CPU.Build.0 = Release|Any CPU
		{5C55CEA9-9F90-4E8F-97CF-5D9D2D673FCD}.Debug|Any CPU.ActiveCfg = Debug|Any CPU
		{5C55CEA9-9F90-4E8F-97CF-5D9D2D673FCD}.Debug|Any CPU.Build.0 = Debug|Any CPU
		{5C55CEA9-9F90-4E8F-97CF-5D9D2D673FCD}.Release|Any CPU.ActiveCfg = Release|Any CPU
		{5C55CEA9-9F90-4E8F-97CF-5D9D2D673FCD}.Release|Any CPU.Build.0 = Release|Any CPU
		{B91C65F9-5E70-4517-8F8B-08829239FB98}.Debug|Any CPU.ActiveCfg = Debug|Any CPU
		{B91C65F9-5E70-4517-8F8B-08829239FB98}.Debug|Any CPU.Build.0 = Debug|Any CPU
		{B91C65F9-5E70-4517-8F8B-08829239FB98}.Release|Any CPU.ActiveCfg = Release|Any CPU
		{B91C65F9-5E70-4517-8F8B-08829239FB98}.Release|Any CPU.Build.0 = Release|Any CPU
		{964950DC-C430-4820-A7B7-D700282DE195}.Debug|Any CPU.ActiveCfg = Debug|Any CPU
		{964950DC-C430-4820-A7B7-D700282DE195}.Debug|Any CPU.Build.0 = Debug|Any CPU
		{964950DC-C430-4820-A7B7-D700282DE195}.Release|Any CPU.ActiveCfg = Release|Any CPU
		{964950DC-C430-4820-A7B7-D700282DE195}.Release|Any CPU.Build.0 = Release|Any CPU
		{282CD28C-E4EC-4DAA-9FE1-B80FE3C55E09}.Debug|Any CPU.ActiveCfg = Debug|Any CPU
		{282CD28C-E4EC-4DAA-9FE1-B80FE3C55E09}.Debug|Any CPU.Build.0 = Debug|Any CPU
		{282CD28C-E4EC-4DAA-9FE1-B80FE3C55E09}.Release|Any CPU.ActiveCfg = Release|Any CPU
		{282CD28C-E4EC-4DAA-9FE1-B80FE3C55E09}.Release|Any CPU.Build.0 = Release|Any CPU
		{397AE7AE-379D-4D03-9070-0A7D39C354D3}.Debug|Any CPU.ActiveCfg = Debug|Any CPU
		{397AE7AE-379D-4D03-9070-0A7D39C354D3}.Debug|Any CPU.Build.0 = Debug|Any CPU
		{397AE7AE-379D-4D03-9070-0A7D39C354D3}.Release|Any CPU.ActiveCfg = Release|Any CPU
		{397AE7AE-379D-4D03-9070-0A7D39C354D3}.Release|Any CPU.Build.0 = Release|Any CPU
		{81F8CC62-F08C-42AC-8E5F-282A3CC9412B}.Debug|Any CPU.ActiveCfg = Debug|Any CPU
		{81F8CC62-F08C-42AC-8E5F-282A3CC9412B}.Debug|Any CPU.Build.0 = Debug|Any CPU
		{81F8CC62-F08C-42AC-8E5F-282A3CC9412B}.Release|Any CPU.ActiveCfg = Release|Any CPU
		{81F8CC62-F08C-42AC-8E5F-282A3CC9412B}.Release|Any CPU.Build.0 = Release|Any CPU
		{B98F249D-31E8-4D9B-B534-AAECFB892108}.Debug|Any CPU.ActiveCfg = Debug|Any CPU
		{B98F249D-31E8-4D9B-B534-AAECFB892108}.Debug|Any CPU.Build.0 = Debug|Any CPU
		{B98F249D-31E8-4D9B-B534-AAECFB892108}.Release|Any CPU.ActiveCfg = Release|Any CPU
		{B98F249D-31E8-4D9B-B534-AAECFB892108}.Release|Any CPU.Build.0 = Release|Any CPU
		{947A93FC-4349-487A-8980-1BA1C863BA3D}.Debug|Any CPU.ActiveCfg = Debug|Any CPU
		{947A93FC-4349-487A-8980-1BA1C863BA3D}.Debug|Any CPU.Build.0 = Debug|Any CPU
		{947A93FC-4349-487A-8980-1BA1C863BA3D}.Release|Any CPU.ActiveCfg = Release|Any CPU
		{947A93FC-4349-487A-8980-1BA1C863BA3D}.Release|Any CPU.Build.0 = Release|Any CPU
		{3E948DD8-36E6-4A1E-82AF-F624E3BFC3DE}.Debug|Any CPU.ActiveCfg = Debug|Any CPU
		{3E948DD8-36E6-4A1E-82AF-F624E3BFC3DE}.Debug|Any CPU.Build.0 = Debug|Any CPU
		{3E948DD8-36E6-4A1E-82AF-F624E3BFC3DE}.Release|Any CPU.ActiveCfg = Release|Any CPU
		{3E948DD8-36E6-4A1E-82AF-F624E3BFC3DE}.Release|Any CPU.Build.0 = Release|Any CPU
		{80F17A4A-DB41-4EE9-92C8-D2A706D26A13}.Debug|Any CPU.ActiveCfg = Debug|Any CPU
		{80F17A4A-DB41-4EE9-92C8-D2A706D26A13}.Debug|Any CPU.Build.0 = Debug|Any CPU
		{80F17A4A-DB41-4EE9-92C8-D2A706D26A13}.Release|Any CPU.ActiveCfg = Release|Any CPU
		{80F17A4A-DB41-4EE9-92C8-D2A706D26A13}.Release|Any CPU.Build.0 = Release|Any CPU
		{5FE21EDE-6F98-4E54-82BC-7CE7557353A2}.Debug|Any CPU.ActiveCfg = Debug|Any CPU
		{5FE21EDE-6F98-4E54-82BC-7CE7557353A2}.Debug|Any CPU.Build.0 = Debug|Any CPU
		{5FE21EDE-6F98-4E54-82BC-7CE7557353A2}.Release|Any CPU.ActiveCfg = Release|Any CPU
		{5FE21EDE-6F98-4E54-82BC-7CE7557353A2}.Release|Any CPU.Build.0 = Release|Any CPU
		{4DCDFBFA-45CE-415E-BEC8-939DB9E84A16}.Debug|Any CPU.ActiveCfg = Debug|Any CPU
		{4DCDFBFA-45CE-415E-BEC8-939DB9E84A16}.Debug|Any CPU.Build.0 = Debug|Any CPU
		{4DCDFBFA-45CE-415E-BEC8-939DB9E84A16}.Release|Any CPU.ActiveCfg = Release|Any CPU
		{4DCDFBFA-45CE-415E-BEC8-939DB9E84A16}.Release|Any CPU.Build.0 = Release|Any CPU
		{17B418FF-2B5D-47E4-B467-2BEEB26B9670}.Debug|Any CPU.ActiveCfg = Debug|Any CPU
		{17B418FF-2B5D-47E4-B467-2BEEB26B9670}.Debug|Any CPU.Build.0 = Debug|Any CPU
		{17B418FF-2B5D-47E4-B467-2BEEB26B9670}.Release|Any CPU.ActiveCfg = Release|Any CPU
		{17B418FF-2B5D-47E4-B467-2BEEB26B9670}.Release|Any CPU.Build.0 = Release|Any CPU
		{9AA6D079-D6F5-401C-B14E-388A4FFA31EC}.Debug|Any CPU.ActiveCfg = Debug|Any CPU
		{9AA6D079-D6F5-401C-B14E-388A4FFA31EC}.Debug|Any CPU.Build.0 = Debug|Any CPU
		{9AA6D079-D6F5-401C-B14E-388A4FFA31EC}.Release|Any CPU.ActiveCfg = Release|Any CPU
		{9AA6D079-D6F5-401C-B14E-388A4FFA31EC}.Release|Any CPU.Build.0 = Release|Any CPU
	EndGlobalSection
	GlobalSection(SolutionProperties) = preSolution
		HideSolutionNode = FALSE
	EndGlobalSection
	GlobalSection(ExtensibilityGlobals) = postSolution
		SolutionGuid = {0CE01EFC-C9D7-4CEC-B91F-D8031226D638}
	EndGlobalSection
EndGlobal
